
Microsoft Visual Studio Solution File, Format Version 12.00
# Visual Studio Version 17
VisualStudioVersion = 17.10.35122.118
MinimumVisualStudioVersion = 10.0.40219.1
Project("{9A19103F-16F7-4668-BE54-9A1E7A4F7556}") = "Querying", "Querying\Querying.csproj", "{322D0663-8F07-4AD7-A15E-A6EB3C73BD4D}"
EndProject
Global
	GlobalSection(SolutionConfigurationPlatforms) = preSolution
		Debug|Any CPU = Debug|Any CPU
		Release|Any CPU = Release|Any CPU
	EndGlobalSection
	GlobalSection(ProjectConfigurationPlatforms) = postSolution
		{322D0663-8F07-4AD7-A15E-A6EB3C73BD4D}.Debug|Any CPU.ActiveCfg = Debug|Any CPU
		{322D0663-8F07-4AD7-A15E-A6EB3C73BD4D}.Debug|Any CPU.Build.0 = Debug|Any CPU
		{322D0663-8F07-4AD7-A15E-A6EB3C73BD4D}.Release|Any CPU.ActiveCfg = Release|Any CPU
		{322D0663-8F07-4AD7-A15E-A6EB3C73BD4D}.Release|Any CPU.Build.0 = Release|Any CPU
	EndGlobalSection
	GlobalSection(SolutionProperties) = preSolution
		HideSolutionNode = FALSE
	EndGlobalSection
	GlobalSection(ExtensibilityGlobals) = postSolution
		SolutionGuid = {4E4E86EB-1E27-49E2-985F-1793B864C8B8}
	EndGlobalSection
EndGlobal
